
Microsoft Visual Studio Solution File, Format Version 12.00
# Visual Studio Version 17
VisualStudioVersion = 17.3.32901.215
MinimumVisualStudioVersion = 10.0.40219.1
Project("{FAE04EC0-301F-11D3-BF4B-00C04F79EFBC}") = "school-ef-livecoding", "school-ef-livecoding.csproj", "{FB7E5A0D-EC2D-4570-B2BB-9FA905A640B0}"
EndProject
Global
	GlobalSection(SolutionConfigurationPlatforms) = preSolution
		Debug|Any CPU = Debug|Any CPU
		Release|Any CPU = Release|Any CPU
	EndGlobalSection
	GlobalSection(ProjectConfigurationPlatforms) = postSolution
		{FB7E5A0D-EC2D-4570-B2BB-9FA905A640B0}.Debug|Any CPU.ActiveCfg = Debug|Any CPU
		{FB7E5A0D-EC2D-4570-B2BB-9FA905A640B0}.Debug|Any CPU.Build.0 = Debug|Any CPU
		{FB7E5A0D-EC2D-4570-B2BB-9FA905A640B0}.Release|Any CPU.ActiveCfg = Release|Any CPU
		{FB7E5A0D-EC2D-4570-B2BB-9FA905A640B0}.Release|Any CPU.Build.0 = Release|Any CPU
	EndGlobalSection
	GlobalSection(SolutionProperties) = preSolution
		HideSolutionNode = FALSE
	EndGlobalSection
	GlobalSection(ExtensibilityGlobals) = postSolution
		SolutionGuid = {0C5EA88C-14C5-42F3-BE95-94C403D7A988}
	EndGlobalSection
EndGlobal
